PODS:
  - blurhash (0.0.1):
    - Flutter
  - Flutter (1.0.0)

DEPENDENCIES:
  - blurhash (from `.symlinks/plugins/blurhash/ios`)
  - Flutter (from `Flutter`)

EXTERNAL SOURCES:
  blurhash:
    :path: ".symlinks/plugins/blurhash/ios"
  Flutter:
    :path: Flutter

SPEC CHECKSUMS:
  blurhash: 7d0156d68a21f3d4276b71c2fae094d9c0753959
  Flutter: cabc95a1d2626b1b06e7179b784ebcf0c0cde467

PODFILE CHECKSUM: 6ffdf07aa790f78d4456619ddd81d2ef4dd12c71

COCOAPODS: 1.16.2
